{
 "graph_lock": {
  "nodes": {
   "0": {
    "options": "ceres-solver:shared=True\nceres-solver:use_CXX11=False\nceres-solver:use_CXX11_threads=False\nceres-solver:use_TBB=False\nceres-solver:use_custom_blas=True\nceres-solver:use_eigen_sparse=True\nceres-solver:use_gflags=deprecated\nceres-solver:use_glog=True\nceres-solver:use_schur_specializations=True\neigen:MPL2_only=False\ngflags:namespace=gflags\ngflags:nothreads=True\ngflags:shared=True\nglog:shared=True\nglog:with_gflags=True\nglog:with_threads=True\nglog:with_unwind=True\nlibunwind:coredump=True\nlibunwind:minidebuginfo=True\nlibunwind:ptrace=True\nlibunwind:setjmp=True\nlibunwind:shared=True\nlibunwind:zlibdebuginfo=True\nosqp:shared=True\nxz_utils:fPIC=True\nxz_utils:shared=False\nzlib:fPIC=True\nzlib:shared=False",
    "requires": [
     "1",
     "2"
    ],
    "path": "conanfile.py",
    "context": "host"
   },
   "1": {
    "ref": "osqp/0.6.3",
    "options": "shared=True",
    "package_id": "2af715f34a7c8c2aeae57b25be0a52c4110dc502",
    "prev": "0",
    "context": "host"
   },
   "2": {
    "ref": "ceres-solver/1.14.0",
    "options": "shared=True\nuse_CXX11=False\nuse_CXX11_threads=False\nuse_TBB=False\nuse_custom_blas=True\nuse_eigen_sparse=True\nuse_gflags=deprecated\nuse_glog=True\nuse_schur_specializations=True\neigen:MPL2_only=False\ngflags:namespace=gflags\ngflags:nothreads=True\ngflags:shared=True\nglog:shared=True\nglog:with_gflags=True\nglog:with_threads=True\nglog:with_unwind=True\nlibunwind:coredump=True\nlibunwind:minidebuginfo=True\nlibunwind:ptrace=True\nlibunwind:setjmp=True\nlibunwind:shared=True\nlibunwind:zlibdebuginfo=True\nxz_utils:fPIC=True\nxz_utils:shared=False\nzlib:fPIC=True\nzlib:shared=False",
    "package_id": "7ee9e59cc40cbdec97f1dfe43334eb2e437be01c",
    "prev": "0",
    "requires": [
     "3",
     "4"
    ],
    "context": "host"
   },
   "3": {
    "ref": "eigen/3.4.0",
    "options": "MPL2_only=False",
    "package_id": "5ab84d6acfe1f23c4fae0ab88f26e3a396351ac9",
    "prev": "0",
    "context": "host"
   },
   "4": {
    "ref": "glog/0.6.0",
    "options": "shared=True\nwith_gflags=True\nwith_threads=True\nwith_unwind=True\ngflags:namespace=gflags\ngflags:nothreads=True\ngflags:shared=True\nlibunwind:coredump=True\nlibunwind:minidebuginfo=True\nlibunwind:ptrace=True\nlibunwind:setjmp=True\nlibunwind:shared=True\nlibunwind:zlibdebuginfo=True\nxz_utils:fPIC=True\nxz_utils:shared=False\nzlib:fPIC=True\nzlib:shared=False",
    "package_id": "e1fd1ca7313b041d4a3a96b420b488633327c4d0",
    "prev": "0",
    "requires": [
     "5",
     "6"
    ],
    "context": "host"
   },
   "5": {
    "ref": "gflags/2.2.2",
    "options": "namespace=gflags\nnothreads=True\nshared=True",
    "package_id": "8d9612c699e0c76c45e410a0de6c38f8b4d74f9f",
    "prev": "0",
    "context": "host"
   },
   "6": {
    "ref": "libunwind/1.8.0",
    "options": "coredump=True\nminidebuginfo=True\nptrace=True\nsetjmp=True\nshared=True\nzlibdebuginfo=True\nxz_utils:fPIC=True\nxz_utils:shared=False\nzlib:fPIC=True\nzlib:shared=False",
    "package_id": "c8c888b1fc83f5e0145e8890c2af3bd4e0005c98",
    "prev": "0",
    "requires": [
     "7",
     "8"
    ],
    "context": "host"
   },
   "7": {
    "ref": "xz_utils/5.4.5",
    "options": "fPIC=True\nshared=False",
    "package_id": "6af9cc7cb931c5ad942174fd7838eb655717c709",
    "prev": "0",
    "context": "host"
   },
   "8": {
    "ref": "zlib/1.3.1",
    "options": "fPIC=True\nshared=False",
    "package_id": "6af9cc7cb931c5ad942174fd7838eb655717c709",
    "prev": "0",
    "context": "host"
   }
  },
  "revisions_enabled": false
 },
 "version": "0.4",
 "profile_host": "[settings]\narch=x86_64\narch_build=x86_64\nbuild_type=Release\ncompiler=gcc\ncompiler.libcxx=libstdc++\ncompiler.version=9\nos=Linux\nos_build=Linux\n[options]\n[build_requires]\n[env]\n"
}